
Microsoft Visual Studio Solution File, Format Version 12.00
# Visual Studio Version 17
VisualStudioVersion = 17.4.33205.214
MinimumVisualStudioVersion = 10.0.40219.1
Project("{2150E333-8FDC-42A3-9474-1A3956D46DE8}") = "FrontEnd", "FrontEnd", "{050AE741-3525-4EDB-B23F-DD8439434AC9}"
EndProject
Project("{9A19103F-16F7-4668-BE54-9A1E7A4F7556}") = "Mango.Web", "Mango.Web\Mango.Web.csproj", "{8EB8895E-6832-4DF9-911C-BBF3D77DDE79}"
EndProject
Project("{2150E333-8FDC-42A3-9474-1A3956D46DE8}") = "Services", "Services", "{8BA0B89D-2DFD-4F22-840A-61378102D074}"
EndProject
Project("{9A19103F-16F7-4668-BE54-9A1E7A4F7556}") = "Mango.Services.ProductAPI", "Mango.Services.ProductAPI\Mango.Services.ProductAPI.csproj", "{1B6C329E-2ACF-4670-AB20-50BCCE845E42}"
EndProject
Project("{9A19103F-16F7-4668-BE54-9A1E7A4F7556}") = "Mango.Services.Identity", "Mango.Services.Identity\Mango.Services.Identity.csproj", "{12251960-DB11-4A49-9789-D8A82EA005BD}"
EndProject
Project("{9A19103F-16F7-4668-BE54-9A1E7A4F7556}") = "Mango.Services.ShoppingCartAPI", "Mango.Services.ShoppingCartAPI\Mango.Services.ShoppingCartAPI.csproj", "{E4B8F105-8FF4-4B94-A672-1E865CE73903}"
EndProject
Project("{9A19103F-16F7-4668-BE54-9A1E7A4F7556}") = "Mango.Services.CouponAPI", "Mango.Services.CouponAPI\Mango.Services.CouponAPI.csproj", "{E15E9785-D188-480E-9FB7-1E856A61A2B0}"
EndProject
Project("{2150E333-8FDC-42A3-9474-1A3956D46DE8}") = "Integration", "Integration", "{F751587E-23DA-4AC6-9A26-4E737A646813}"
EndProject
Project("{9A19103F-16F7-4668-BE54-9A1E7A4F7556}") = "Mango.MessageBus", "Mango.MessageBus\Mango.MessageBus.csproj", "{57A455CD-1A4D-4525-B181-B996A41401CE}"
EndProject
Project("{9A19103F-16F7-4668-BE54-9A1E7A4F7556}") = "Mango.Services.OrderAPI", "Mango.Services.OrderAPI\Mango.Services.OrderAPI.csproj", "{230806E9-5C3B-487A-8ECE-5E12F16B3D95}"
EndProject
Project("{2150E333-8FDC-42A3-9474-1A3956D46DE8}") = "Payments", "Payments", "{B34A5D0B-B64E-42EF-9B7D-49925AF23ECB}"
EndProject
Project("{9A19103F-16F7-4668-BE54-9A1E7A4F7556}") = "PaymentProcessor", "PaymentProcessor\PaymentProcessor.csproj", "{8CCA350E-AAF0-49EC-A117-78DB6B6154F5}"
EndProject
Project("{FAE04EC0-301F-11D3-BF4B-00C04F79EFBC}") = "Mango.Services.PaymentAPI", "Mango.Services.PaymentAPI\Mango.Services.PaymentAPI.csproj", "{93CDDA48-991F-4157-B44F-34BF15A9823B}"
EndProject
Project("{FAE04EC0-301F-11D3-BF4B-00C04F79EFBC}") = "Mango.Services.Email", "Mango.Services.Email\Mango.Services.Email.csproj", "{271A7890-0EFD-449F-8BF1-C48C472212CE}"
EndProject
Project("{2150E333-8FDC-42A3-9474-1A3956D46DE8}") = "Gateway", "Gateway", "{2C2637B0-E455-4551-8BD8-6A0D9EECEF28}"
EndProject
Project("{FAE04EC0-301F-11D3-BF4B-00C04F79EFBC}") = "Mango.Gateway.Solution", "Mango.Gateway.Solution\Mango.Gateway.Solution.csproj", "{C475CFF5-5BE7-466A-AAAD-4979AFFF7326}"
EndProject
Global
	GlobalSection(SolutionConfigurationPlatforms) = preSolution
		Debug|Any CPU = Debug|Any CPU
		Release|Any CPU = Release|Any CPU
	EndGlobalSection
	GlobalSection(ProjectConfigurationPlatforms) = postSolution
		{8EB8895E-6832-4DF9-911C-BBF3D77DDE79}.Debug|Any CPU.ActiveCfg = Debug|Any CPU
		{8EB8895E-6832-4DF9-911C-BBF3D77DDE79}.Debug|Any CPU.Build.0 = Debug|Any CPU
		{8EB8895E-6832-4DF9-911C-BBF3D77DDE79}.Release|Any CPU.ActiveCfg = Release|Any CPU
		{8EB8895E-6832-4DF9-911C-BBF3D77DDE79}.Release|Any CPU.Build.0 = Release|Any CPU
		{1B6C329E-2ACF-4670-AB20-50BCCE845E42}.Debug|Any CPU.ActiveCfg = Debug|Any CPU
		{1B6C329E-2ACF-4670-AB20-50BCCE845E42}.Debug|Any CPU.Build.0 = Debug|Any CPU
		{1B6C329E-2ACF-4670-AB20-50BCCE845E42}.Release|Any CPU.ActiveCfg = Release|Any CPU
		{1B6C329E-2ACF-4670-AB20-50BCCE845E42}.Release|Any CPU.Build.0 = Release|Any CPU
		{12251960-DB11-4A49-9789-D8A82EA005BD}.Debug|Any CPU.ActiveCfg = Debug|Any CPU
		{12251960-DB11-4A49-9789-D8A82EA005BD}.Debug|Any CPU.Build.0 = Debug|Any CPU
		{12251960-DB11-4A49-9789-D8A82EA005BD}.Release|Any CPU.ActiveCfg = Release|Any CPU
		{12251960-DB11-4A49-9789-D8A82EA005BD}.Release|Any CPU.Build.0 = Release|Any CPU
		{E4B8F105-8FF4-4B94-A672-1E865CE73903}.Debug|Any CPU.ActiveCfg = Debug|Any CPU
		{E4B8F105-8FF4-4B94-A672-1E865CE73903}.Debug|Any CPU.Build.0 = Debug|Any CPU
		{E4B8F105-8FF4-4B94-A672-1E865CE73903}.Release|Any CPU.ActiveCfg = Release|Any CPU
		{E4B8F105-8FF4-4B94-A672-1E865CE73903}.Release|Any CPU.Build.0 = Release|Any CPU
		{E15E9785-D188-480E-9FB7-1E856A61A2B0}.Debug|Any CPU.ActiveCfg = Debug|Any CPU
		{E15E9785-D188-480E-9FB7-1E856A61A2B0}.Debug|Any CPU.Build.0 = Debug|Any CPU
		{E15E9785-D188-480E-9FB7-1E856A61A2B0}.Release|Any CPU.ActiveCfg = Release|Any CPU
		{E15E9785-D188-480E-9FB7-1E856A61A2B0}.Release|Any CPU.Build.0 = Release|Any CPU
		{57A455CD-1A4D-4525-B181-B996A41401CE}.Debug|Any CPU.ActiveCfg = Debug|Any CPU
		{57A455CD-1A4D-4525-B181-B996A41401CE}.Debug|Any CPU.Build.0 = Debug|Any CPU
		{57A455CD-1A4D-4525-B181-B996A41401CE}.Release|Any CPU.ActiveCfg = Release|Any CPU
		{57A455CD-1A4D-4525-B181-B996A41401CE}.Release|Any CPU.Build.0 = Release|Any CPU
		{230806E9-5C3B-487A-8ECE-5E12F16B3D95}.Debug|Any CPU.ActiveCfg = Debug|Any CPU
		{230806E9-5C3B-487A-8ECE-5E12F16B3D95}.Debug|Any CPU.Build.0 = Debug|Any CPU
		{230806E9-5C3B-487A-8ECE-5E12F16B3D95}.Release|Any CPU.ActiveCfg = Release|Any CPU
		{230806E9-5C3B-487A-8ECE-5E12F16B3D95}.Release|Any CPU.Build.0 = Release|Any CPU
		{8CCA350E-AAF0-49EC-A117-78DB6B6154F5}.Debug|Any CPU.ActiveCfg = Debug|Any CPU
		{8CCA350E-AAF0-49EC-A117-78DB6B6154F5}.Debug|Any CPU.Build.0 = Debug|Any CPU
		{8CCA350E-AAF0-49EC-A117-78DB6B6154F5}.Release|Any CPU.ActiveCfg = Release|Any CPU
		{8CCA350E-AAF0-49EC-A117-78DB6B6154F5}.Release|Any CPU.Build.0 = Release|Any CPU
		{93CDDA48-991F-4157-B44F-34BF15A9823B}.Debug|Any CPU.ActiveCfg = Debug|Any CPU
		{93CDDA48-991F-4157-B44F-34BF15A9823B}.Debug|Any CPU.Build.0 = Debug|Any CPU
		{93CDDA48-991F-4157-B44F-34BF15A9823B}.Release|Any CPU.ActiveCfg = Release|Any CPU
		{93CDDA48-991F-4157-B44F-34BF15A9823B}.Release|Any CPU.Build.0 = Release|Any CPU
		{271A7890-0EFD-449F-8BF1-C48C472212CE}.Debug|Any CPU.ActiveCfg = Debug|Any CPU
		{271A7890-0EFD-449F-8BF1-C48C472212CE}.Debug|Any CPU.Build.0 = Debug|Any CPU
		{271A7890-0EFD-449F-8BF1-C48C472212CE}.Release|Any CPU.ActiveCfg = Release|Any CPU
		{271A7890-0EFD-449F-8BF1-C48C472212CE}.Release|Any CPU.Build.0 = Release|Any CPU
		{C475CFF5-5BE7-466A-AAAD-4979AFFF7326}.Debug|Any CPU.ActiveCfg = Debug|Any CPU
		{C475CFF5-5BE7-466A-AAAD-4979AFFF7326}.Debug|Any CPU.Build.0 = Debug|Any CPU
		{C475CFF5-5BE7-466A-AAAD-4979AFFF7326}.Release|Any CPU.ActiveCfg = Release|Any CPU
		{C475CFF5-5BE7-466A-AAAD-4979AFFF7326}.Release|Any CPU.Build.0 = Release|Any CPU
	EndGlobalSection
	GlobalSection(SolutionProperties) = preSolution
		HideSolutionNode = FALSE
	EndGlobalSection
	GlobalSection(NestedProjects) = preSolution
		{8EB8895E-6832-4DF9-911C-BBF3D77DDE79} = {050AE741-3525-4EDB-B23F-DD8439434AC9}
		{1B6C329E-2ACF-4670-AB20-50BCCE845E42} = {8BA0B89D-2DFD-4F22-840A-61378102D074}
		{12251960-DB11-4A49-9789-D8A82EA005BD} = {8BA0B89D-2DFD-4F22-840A-61378102D074}
		{E4B8F105-8FF4-4B94-A672-1E865CE73903} = {8BA0B89D-2DFD-4F22-840A-61378102D074}
		{E15E9785-D188-480E-9FB7-1E856A61A2B0} = {8BA0B89D-2DFD-4F22-840A-61378102D074}
		{57A455CD-1A4D-4525-B181-B996A41401CE} = {F751587E-23DA-4AC6-9A26-4E737A646813}
		{230806E9-5C3B-487A-8ECE-5E12F16B3D95} = {8BA0B89D-2DFD-4F22-840A-61378102D074}
		{8CCA350E-AAF0-49EC-A117-78DB6B6154F5} = {B34A5D0B-B64E-42EF-9B7D-49925AF23ECB}
		{93CDDA48-991F-4157-B44F-34BF15A9823B} = {8BA0B89D-2DFD-4F22-840A-61378102D074}
		{271A7890-0EFD-449F-8BF1-C48C472212CE} = {8BA0B89D-2DFD-4F22-840A-61378102D074}
		{C475CFF5-5BE7-466A-AAAD-4979AFFF7326} = {2C2637B0-E455-4551-8BD8-6A0D9EECEF28}
	EndGlobalSection
	GlobalSection(ExtensibilityGlobals) = postSolution
		SolutionGuid = {15158406-13CD-422B-9E1A-60F9909907F3}
	EndGlobalSection
EndGlobal
